
Microsoft Visual Studio Solution File, Format Version 12.00
# Visual Studio Version 17
VisualStudioVersion = 17.10.34928.147
MinimumVisualStudioVersion = 10.0.40219.1
Project("{9A19103F-16F7-4668-BE54-9A1E7A4F7556}") = "EntregaTitulo.Services", "EntregaTitulo.Services\EntregaTitulo.Services.csproj", "{985BC040-98BE-4BD2-A4E1-2744746B45A1}"
EndProject
Project("{2150E333-8FDC-42A3-9474-1A3956D46DE8}") = "1 - Services", "1 - Services", "{F0D89CCD-CDA3-4646-88A3-F6AC66B3A12E}"
EndProject
Project("{2150E333-8FDC-42A3-9474-1A3956D46DE8}") = "2 - Domain", "2 - Domain", "{CB9C5FCF-3357-419C-BB4C-BA2FF03678E1}"
EndProject
Project("{2150E333-8FDC-42A3-9474-1A3956D46DE8}") = "3 - Infrastructure", "3 - Infrastructure", "{5C91740E-41CA-445D-B1C2-366502DD8EB2}"
EndProject
Project("{9A19103F-16F7-4668-BE54-9A1E7A4F7556}") = "EntregaTitulo.Domain", "EntregaTitulo.Domain\EntregaTitulo.Domain.csproj", "{C6FD3E44-2A97-4AC2-AD73-D288006D2181}"
EndProject
Project("{FAE04EC0-301F-11D3-BF4B-00C04F79EFBC}") = "EntregaTitulo.Infra.Data", "EntregaTitulo.Infra.Data\EntregaTitulo.Infra.Data.csproj", "{1C0EBC93-D9F5-4E9C-AFDC-43D264495EDE}"
EndProject
Global
	GlobalSection(SolutionConfigurationPlatforms) = preSolution
		Debug|Any CPU = Debug|Any CPU
		Release|Any CPU = Release|Any CPU
	EndGlobalSection
	GlobalSection(ProjectConfigurationPlatforms) = postSolution
		{985BC040-98BE-4BD2-A4E1-2744746B45A1}.Debug|Any CPU.ActiveCfg = Debug|Any CPU
		{985BC040-98BE-4BD2-A4E1-2744746B45A1}.Debug|Any CPU.Build.0 = Debug|Any CPU
		{985BC040-98BE-4BD2-A4E1-2744746B45A1}.Release|Any CPU.ActiveCfg = Release|Any CPU
		{985BC040-98BE-4BD2-A4E1-2744746B45A1}.Release|Any CPU.Build.0 = Release|Any CPU
		{C6FD3E44-2A97-4AC2-AD73-D288006D2181}.Debug|Any CPU.ActiveCfg = Debug|Any CPU
		{C6FD3E44-2A97-4AC2-AD73-D288006D2181}.Debug|Any CPU.Build.0 = Debug|Any CPU
		{C6FD3E44-2A97-4AC2-AD73-D288006D2181}.Release|Any CPU.ActiveCfg = Release|Any CPU
		{C6FD3E44-2A97-4AC2-AD73-D288006D2181}.Release|Any CPU.Build.0 = Release|Any CPU
		{1C0EBC93-D9F5-4E9C-AFDC-43D264495EDE}.Debug|Any CPU.ActiveCfg = Debug|Any CPU
		{1C0EBC93-D9F5-4E9C-AFDC-43D264495EDE}.Debug|Any CPU.Build.0 = Debug|Any CPU
		{1C0EBC93-D9F5-4E9C-AFDC-43D264495EDE}.Release|Any CPU.ActiveCfg = Release|Any CPU
		{1C0EBC93-D9F5-4E9C-AFDC-43D264495EDE}.Release|Any CPU.Build.0 = Release|Any CPU
	EndGlobalSection
	GlobalSection(SolutionProperties) = preSolution
		HideSolutionNode = FALSE
	EndGlobalSection
	GlobalSection(NestedProjects) = preSolution
		{985BC040-98BE-4BD2-A4E1-2744746B45A1} = {F0D89CCD-CDA3-4646-88A3-F6AC66B3A12E}
		{C6FD3E44-2A97-4AC2-AD73-D288006D2181} = {CB9C5FCF-3357-419C-BB4C-BA2FF03678E1}
		{1C0EBC93-D9F5-4E9C-AFDC-43D264495EDE} = {5C91740E-41CA-445D-B1C2-366502DD8EB2}
	EndGlobalSection
	GlobalSection(ExtensibilityGlobals) = postSolution
		SolutionGuid = {A2F338DD-27AE-489F-8448-4930BCF91958}
	EndGlobalSection
EndGlobal
